
Microsoft Visual Studio Solution File, Format Version 12.00
# Visual Studio 15
VisualStudioVersion = 15.0.27703.2042
MinimumVisualStudioVersion = 10.0.40219.1
Project("{FAE04EC0-301F-11D3-BF4B-00C04F79EFBC}") = "InteractServer", "InteractServer.csproj", "{A225837F-BF40-40D2-A702-DB0A828294BF}"
EndProject
Project("{FAE04EC0-301F-11D3-BF4B-00C04F79EFBC}") = "ScriptCompiler", "ScriptCompiler\ScriptCompiler.csproj", "{8607AB92-7A8A-4890-9BDD-04F7DC4750A9}"
EndProject
Project("{9A19103F-16F7-4668-BE54-9A1E7A4F7556}") = "ScriptInterface", "ScriptInterface\ScriptInterface.csproj", "{1A3DEA06-4C36-4F01-BE45-101C85BDA0D9}"
EndProject
Project("{9A19103F-16F7-4668-BE54-9A1E7A4F7556}") = "OscTree", "..\..\..\OscTree\OscTree\OscTree.csproj", "{D1017FF2-5812-4DDC-ADF0-14F77B7E27BB}"
EndProject
Project("{FAE04EC0-301F-11D3-BF4B-00C04F79EFBC}") = "yGuiWPF", "..\..\..\yGui\yGuiWPF\yGuiWPF.csproj", "{C555E189-1FFD-4CBD-B375-F596483CCF23}"
EndProject
Project("{FAE04EC0-301F-11D3-BF4B-00C04F79EFBC}") = "OscGui", "..\..\..\OSCGui\OscGuiControl\OscGui.csproj", "{C204DCA4-1EFB-46D7-8921-C7931B88E8ED}"
EndProject
Global
	GlobalSection(SolutionConfigurationPlatforms) = preSolution
		Debug|Any CPU = Debug|Any CPU
		Release|Any CPU = Release|Any CPU
	EndGlobalSection
	GlobalSection(ProjectConfigurationPlatforms) = postSolution
		{A225837F-BF40-40D2-A702-DB0A828294BF}.Debug|Any CPU.ActiveCfg = Debug|Any CPU
		{A225837F-BF40-40D2-A702-DB0A828294BF}.Debug|Any CPU.Build.0 = Debug|Any CPU
		{A225837F-BF40-40D2-A702-DB0A828294BF}.Release|Any CPU.ActiveCfg = Release|Any CPU
		{A225837F-BF40-40D2-A702-DB0A828294BF}.Release|Any CPU.Build.0 = Release|Any CPU
		{8607AB92-7A8A-4890-9BDD-04F7DC4750A9}.Debug|Any CPU.ActiveCfg = Debug|Any CPU
		{8607AB92-7A8A-4890-9BDD-04F7DC4750A9}.Debug|Any CPU.Build.0 = Debug|Any CPU
		{8607AB92-7A8A-4890-9BDD-04F7DC4750A9}.Release|Any CPU.ActiveCfg = Release|Any CPU
		{8607AB92-7A8A-4890-9BDD-04F7DC4750A9}.Release|Any CPU.Build.0 = Release|Any CPU
		{1A3DEA06-4C36-4F01-BE45-101C85BDA0D9}.Debug|Any CPU.ActiveCfg = Debug|Any CPU
		{1A3DEA06-4C36-4F01-BE45-101C85BDA0D9}.Debug|Any CPU.Build.0 = Debug|Any CPU
		{1A3DEA06-4C36-4F01-BE45-101C85BDA0D9}.Release|Any CPU.ActiveCfg = Release|Any CPU
		{1A3DEA06-4C36-4F01-BE45-101C85BDA0D9}.Release|Any CPU.Build.0 = Release|Any CPU
		{D1017FF2-5812-4DDC-ADF0-14F77B7E27BB}.Debug|Any CPU.ActiveCfg = Debug|Any CPU
		{D1017FF2-5812-4DDC-ADF0-14F77B7E27BB}.Debug|Any CPU.Build.0 = Debug|Any CPU
		{D1017FF2-5812-4DDC-ADF0-14F77B7E27BB}.Release|Any CPU.ActiveCfg = Release|Any CPU
		{D1017FF2-5812-4DDC-ADF0-14F77B7E27BB}.Release|Any CPU.Build.0 = Release|Any CPU
		{C555E189-1FFD-4CBD-B375-F596483CCF23}.Debug|Any CPU.ActiveCfg = Debug|Any CPU
		{C555E189-1FFD-4CBD-B375-F596483CCF23}.Debug|Any CPU.Build.0 = Debug|Any CPU
		{C555E189-1FFD-4CBD-B375-F596483CCF23}.Release|Any CPU.ActiveCfg = Release|Any CPU
		{C555E189-1FFD-4CBD-B375-F596483CCF23}.Release|Any CPU.Build.0 = Release|Any CPU
		{C204DCA4-1EFB-46D7-8921-C7931B88E8ED}.Debug|Any CPU.ActiveCfg = Debug|Any CPU
		{C204DCA4-1EFB-46D7-8921-C7931B88E8ED}.Debug|Any CPU.Build.0 = Debug|Any CPU
		{C204DCA4-1EFB-46D7-8921-C7931B88E8ED}.Release|Any CPU.ActiveCfg = Release|Any CPU
		{C204DCA4-1EFB-46D7-8921-C7931B88E8ED}.Release|Any CPU.Build.0 = Release|Any CPU
	EndGlobalSection
	GlobalSection(SolutionProperties) = preSolution
		HideSolutionNode = FALSE
	EndGlobalSection
	GlobalSection(ExtensibilityGlobals) = postSolution
		SolutionGuid = {234B9304-1679-4EC6-BEED-6EECC8E8B881}
	EndGlobalSection
EndGlobal
