
Microsoft Visual Studio Solution File, Format Version 12.00
# Visual Studio 15
VisualStudioVersion = 15.0.27703.2042
MinimumVisualStudioVersion = 10.0.40219.1
Project("{9A19103F-16F7-4668-BE54-9A1E7A4F7556}") = "InteractClient", "InteractClient\InteractClient\InteractClient.csproj", "{9FC6B784-0BA9-4F9E-B5FF-6D2BB2D41C5B}"
EndProject
Project("{9A19103F-16F7-4668-BE54-9A1E7A4F7556}") = "ScriptInterface", "..\InteractServer\InteractServer\ScriptInterface\ScriptInterface.csproj", "{E0FABBE4-1D7D-4601-AD13-A68CC8F81645}"
EndProject
Project("{FAE04EC0-301F-11D3-BF4B-00C04F79EFBC}") = "InteractClient.Android", "InteractClient\InteractClient.Android\InteractClient.Android.csproj", "{215DD7A6-468A-4686-ACF7-E596E4FBD093}"
EndProject
Project("{FAE04EC0-301F-11D3-BF4B-00C04F79EFBC}") = "InteractClient.UWP", "InteractClient\InteractClient.UWP\InteractClient.UWP.csproj", "{B54EE8CB-5306-4EB8-86FF-90104F160661}"
EndProject
Project("{2150E333-8FDC-42A3-9474-1A3956D46DE8}") = "Dependencies", "Dependencies", "{265026AD-02F1-4CEC-A388-ACDAC905B67C}"
EndProject
Project("{9A19103F-16F7-4668-BE54-9A1E7A4F7556}") = "OscTree", "..\..\OscTree\OscTree\OscTree.csproj", "{9CC8FEFE-0F10-4731-AA9C-D9BB6AAD9891}"
EndProject
Project("{9A19103F-16F7-4668-BE54-9A1E7A4F7556}") = "yGui", "..\..\yGui\yGuiStandard\yGui.csproj", "{ED55DBAD-96AE-450B-949F-C5296EB04733}"
EndProject
Project("{9A19103F-16F7-4668-BE54-9A1E7A4F7556}") = "OSCGui_Forms", "..\..\OSCGui\OSCGui_Forms\OSCGui_Forms.csproj", "{AF3C2DF5-5B46-4817-8D18-123F88D1A795}"
EndProject
Global
	GlobalSection(SolutionConfigurationPlatforms) = preSolution
		Ad-Hoc|Any CPU = Ad-Hoc|Any CPU
		Ad-Hoc|ARM = Ad-Hoc|ARM
		Ad-Hoc|iPhone = Ad-Hoc|iPhone
		Ad-Hoc|iPhoneSimulator = Ad-Hoc|iPhoneSimulator
		Ad-Hoc|x64 = Ad-Hoc|x64
		Ad-Hoc|x86 = Ad-Hoc|x86
		AppStore|Any CPU = AppStore|Any CPU
		AppStore|ARM = AppStore|ARM
		AppStore|iPhone = AppStore|iPhone
		AppStore|iPhoneSimulator = AppStore|iPhoneSimulator
		AppStore|x64 = AppStore|x64
		AppStore|x86 = AppStore|x86
		Debug|Any CPU = Debug|Any CPU
		Debug|ARM = Debug|ARM
		Debug|iPhone = Debug|iPhone
		Debug|iPhoneSimulator = Debug|iPhoneSimulator
		Debug|x64 = Debug|x64
		Debug|x86 = Debug|x86
		Release|Any CPU = Release|Any CPU
		Release|ARM = Release|ARM
		Release|iPhone = Release|iPhone
		Release|iPhoneSimulator = Release|iPhoneSimulator
		Release|x64 = Release|x64
		Release|x86 = Release|x86
	EndGlobalSection
	GlobalSection(ProjectConfigurationPlatforms) = postSolution
		{9FC6B784-0BA9-4F9E-B5FF-6D2BB2D41C5B}.Ad-Hoc|Any CPU.ActiveCfg = Debug|Any CPU
		{9FC6B784-0BA9-4F9E-B5FF-6D2BB2D41C5B}.Ad-Hoc|Any CPU.Build.0 = Debug|Any CPU
		{9FC6B784-0BA9-4F9E-B5FF-6D2BB2D41C5B}.Ad-Hoc|Any CPU.Deploy.0 = Debug|Any CPU
		{9FC6B784-0BA9-4F9E-B5FF-6D2BB2D41C5B}.Ad-Hoc|ARM.ActiveCfg = Debug|Any CPU
		{9FC6B784-0BA9-4F9E-B5FF-6D2BB2D41C5B}.Ad-Hoc|ARM.Build.0 = Debug|Any CPU
		{9FC6B784-0BA9-4F9E-B5FF-6D2BB2D41C5B}.Ad-Hoc|ARM.Deploy.0 = Debug|Any CPU
		{9FC6B784-0BA9-4F9E-B5FF-6D2BB2D41C5B}.Ad-Hoc|iPhone.ActiveCfg = Debug|Any CPU
		{9FC6B784-0BA9-4F9E-B5FF-6D2BB2D41C5B}.Ad-Hoc|iPhone.Build.0 = Debug|Any CPU
		{9FC6B784-0BA9-4F9E-B5FF-6D2BB2D41C5B}.Ad-Hoc|iPhone.Deploy.0 = Debug|Any CPU
		{9FC6B784-0BA9-4F9E-B5FF-6D2BB2D41C5B}.Ad-Hoc|iPhoneSimulator.ActiveCfg = Debug|Any CPU
		{9FC6B784-0BA9-4F9E-B5FF-6D2BB2D41C5B}.Ad-Hoc|iPhoneSimulator.Build.0 = Debug|Any CPU
		{9FC6B784-0BA9-4F9E-B5FF-6D2BB2D41C5B}.Ad-Hoc|iPhoneSimulator.Deploy.0 = Debug|Any CPU
		{9FC6B784-0BA9-4F9E-B5FF-6D2BB2D41C5B}.Ad-Hoc|x64.ActiveCfg = Debug|Any CPU
		{9FC6B784-0BA9-4F9E-B5FF-6D2BB2D41C5B}.Ad-Hoc|x64.Build.0 = Debug|Any CPU
		{9FC6B784-0BA9-4F9E-B5FF-6D2BB2D41C5B}.Ad-Hoc|x64.Deploy.0 = Debug|Any CPU
		{9FC6B784-0BA9-4F9E-B5FF-6D2BB2D41C5B}.Ad-Hoc|x86.ActiveCfg = Debug|Any CPU
		{9FC6B784-0BA9-4F9E-B5FF-6D2BB2D41C5B}.Ad-Hoc|x86.Build.0 = Debug|Any CPU
		{9FC6B784-0BA9-4F9E-B5FF-6D2BB2D41C5B}.Ad-Hoc|x86.Deploy.0 = Debug|Any CPU
		{9FC6B784-0BA9-4F9E-B5FF-6D2BB2D41C5B}.AppStore|Any CPU.ActiveCfg = Debug|Any CPU
		{9FC6B784-0BA9-4F9E-B5FF-6D2BB2D41C5B}.AppStore|Any CPU.Build.0 = Debug|Any CPU
		{9FC6B784-0BA9-4F9E-B5FF-6D2BB2D41C5B}.AppStore|Any CPU.Deploy.0 = Debug|Any CPU
		{9FC6B784-0BA9-4F9E-B5FF-6D2BB2D41C5B}.AppStore|ARM.ActiveCfg = Debug|Any CPU
		{9FC6B784-0BA9-4F9E-B5FF-6D2BB2D41C5B}.AppStore|ARM.Build.0 = Debug|Any CPU
		{9FC6B784-0BA9-4F9E-B5FF-6D2BB2D41C5B}.AppStore|ARM.Deploy.0 = Debug|Any CPU
		{9FC6B784-0BA9-4F9E-B5FF-6D2BB2D41C5B}.AppStore|iPhone.ActiveCfg = Debug|Any CPU
		{9FC6B784-0BA9-4F9E-B5FF-6D2BB2D41C5B}.AppStore|iPhone.Build.0 = Debug|Any CPU
		{9FC6B784-0BA9-4F9E-B5FF-6D2BB2D41C5B}.AppStore|iPhone.Deploy.0 = Debug|Any CPU
		{9FC6B784-0BA9-4F9E-B5FF-6D2BB2D41C5B}.AppStore|iPhoneSimulator.ActiveCfg = Debug|Any CPU
		{9FC6B784-0BA9-4F9E-B5FF-6D2BB2D41C5B}.AppStore|iPhoneSimulator.Build.0 = Debug|Any CPU
		{9FC6B784-0BA9-4F9E-B5FF-6D2BB2D41C5B}.AppStore|iPhoneSimulator.Deploy.0 = Debug|Any CPU
		{9FC6B784-0BA9-4F9E-B5FF-6D2BB2D41C5B}.AppStore|x64.ActiveCfg = Debug|Any CPU
		{9FC6B784-0BA9-4F9E-B5FF-6D2BB2D41C5B}.AppStore|x64.Build.0 = Debug|Any CPU
		{9FC6B784-0BA9-4F9E-B5FF-6D2BB2D41C5B}.AppStore|x64.Deploy.0 = Debug|Any CPU
		{9FC6B784-0BA9-4F9E-B5FF-6D2BB2D41C5B}.AppStore|x86.ActiveCfg = Debug|Any CPU
		{9FC6B784-0BA9-4F9E-B5FF-6D2BB2D41C5B}.AppStore|x86.Build.0 = Debug|Any CPU
		{9FC6B784-0BA9-4F9E-B5FF-6D2BB2D41C5B}.AppStore|x86.Deploy.0 = Debug|Any CPU
		{9FC6B784-0BA9-4F9E-B5FF-6D2BB2D41C5B}.Debug|Any CPU.ActiveCfg = Debug|Any CPU
		{9FC6B784-0BA9-4F9E-B5FF-6D2BB2D41C5B}.Debug|Any CPU.Build.0 = Debug|Any CPU
		{9FC6B784-0BA9-4F9E-B5FF-6D2BB2D41C5B}.Debug|Any CPU.Deploy.0 = Debug|Any CPU
		{9FC6B784-0BA9-4F9E-B5FF-6D2BB2D41C5B}.Debug|ARM.ActiveCfg = Debug|Any CPU
		{9FC6B784-0BA9-4F9E-B5FF-6D2BB2D41C5B}.Debug|ARM.Build.0 = Debug|Any CPU
		{9FC6B784-0BA9-4F9E-B5FF-6D2BB2D41C5B}.Debug|ARM.Deploy.0 = Debug|Any CPU
		{9FC6B784-0BA9-4F9E-B5FF-6D2BB2D41C5B}.Debug|iPhone.ActiveCfg = Debug|Any CPU
		{9FC6B784-0BA9-4F9E-B5FF-6D2BB2D41C5B}.Debug|iPhone.Build.0 = Debug|Any CPU
		{9FC6B784-0BA9-4F9E-B5FF-6D2BB2D41C5B}.Debug|iPhone.Deploy.0 = Debug|Any CPU
		{9FC6B784-0BA9-4F9E-B5FF-6D2BB2D41C5B}.Debug|iPhoneSimulator.ActiveCfg = Debug|Any CPU
		{9FC6B784-0BA9-4F9E-B5FF-6D2BB2D41C5B}.Debug|iPhoneSimulator.Build.0 = Debug|Any CPU
		{9FC6B784-0BA9-4F9E-B5FF-6D2BB2D41C5B}.Debug|iPhoneSimulator.Deploy.0 = Debug|Any CPU
		{9FC6B784-0BA9-4F9E-B5FF-6D2BB2D41C5B}.Debug|x64.ActiveCfg = Debug|Any CPU
		{9FC6B784-0BA9-4F9E-B5FF-6D2BB2D41C5B}.Debug|x64.Build.0 = Debug|Any CPU
		{9FC6B784-0BA9-4F9E-B5FF-6D2BB2D41C5B}.Debug|x64.Deploy.0 = Debug|Any CPU
		{9FC6B784-0BA9-4F9E-B5FF-6D2BB2D41C5B}.Debug|x86.ActiveCfg = Debug|Any CPU
		{9FC6B784-0BA9-4F9E-B5FF-6D2BB2D41C5B}.Debug|x86.Build.0 = Debug|Any CPU
		{9FC6B784-0BA9-4F9E-B5FF-6D2BB2D41C5B}.Debug|x86.Deploy.0 = Debug|Any CPU
		{9FC6B784-0BA9-4F9E-B5FF-6D2BB2D41C5B}.Release|Any CPU.ActiveCfg = Release|Any CPU
		{9FC6B784-0BA9-4F9E-B5FF-6D2BB2D41C5B}.Release|Any CPU.Build.0 = Release|Any CPU
		{9FC6B784-0BA9-4F9E-B5FF-6D2BB2D41C5B}.Release|Any CPU.Deploy.0 = Release|Any CPU
		{9FC6B784-0BA9-4F9E-B5FF-6D2BB2D41C5B}.Release|ARM.ActiveCfg = Release|Any CPU
		{9FC6B784-0BA9-4F9E-B5FF-6D2BB2D41C5B}.Release|ARM.Build.0 = Release|Any CPU
		{9FC6B784-0BA9-4F9E-B5FF-6D2BB2D41C5B}.Release|ARM.Deploy.0 = Release|Any CPU
		{9FC6B784-0BA9-4F9E-B5FF-6D2BB2D41C5B}.Release|iPhone.ActiveCfg = Release|Any CPU
		{9FC6B784-0BA9-4F9E-B5FF-6D2BB2D41C5B}.Release|iPhone.Build.0 = Release|Any CPU
		{9FC6B784-0BA9-4F9E-B5FF-6D2BB2D41C5B}.Release|iPhone.Deploy.0 = Release|Any CPU
		{9FC6B784-0BA9-4F9E-B5FF-6D2BB2D41C5B}.Release|iPhoneSimulator.ActiveCfg = Release|Any CPU
		{9FC6B784-0BA9-4F9E-B5FF-6D2BB2D41C5B}.Release|iPhoneSimulator.Build.0 = Release|Any CPU
		{9FC6B784-0BA9-4F9E-B5FF-6D2BB2D41C5B}.Release|iPhoneSimulator.Deploy.0 = Release|Any CPU
		{9FC6B784-0BA9-4F9E-B5FF-6D2BB2D41C5B}.Release|x64.ActiveCfg = Release|Any CPU
		{9FC6B784-0BA9-4F9E-B5FF-6D2BB2D41C5B}.Release|x64.Build.0 = Release|Any CPU
		{9FC6B784-0BA9-4F9E-B5FF-6D2BB2D41C5B}.Release|x64.Deploy.0 = Release|Any CPU
		{9FC6B784-0BA9-4F9E-B5FF-6D2BB2D41C5B}.Release|x86.ActiveCfg = Release|Any CPU
		{9FC6B784-0BA9-4F9E-B5FF-6D2BB2D41C5B}.Release|x86.Build.0 = Release|Any CPU
		{9FC6B784-0BA9-4F9E-B5FF-6D2BB2D41C5B}.Release|x86.Deploy.0 = Release|Any CPU
		{E0FABBE4-1D7D-4601-AD13-A68CC8F81645}.Ad-Hoc|Any CPU.ActiveCfg = Debug|Any CPU
		{E0FABBE4-1D7D-4601-AD13-A68CC8F81645}.Ad-Hoc|Any CPU.Build.0 = Debug|Any CPU
		{E0FABBE4-1D7D-4601-AD13-A68CC8F81645}.Ad-Hoc|ARM.ActiveCfg = Debug|Any CPU
		{E0FABBE4-1D7D-4601-AD13-A68CC8F81645}.Ad-Hoc|ARM.Build.0 = Debug|Any CPU
		{E0FABBE4-1D7D-4601-AD13-A68CC8F81645}.Ad-Hoc|iPhone.ActiveCfg = Debug|Any CPU
		{E0FABBE4-1D7D-4601-AD13-A68CC8F81645}.Ad-Hoc|iPhone.Build.0 = Debug|Any CPU
		{E0FABBE4-1D7D-4601-AD13-A68CC8F81645}.Ad-Hoc|iPhoneSimulator.ActiveCfg = Debug|Any CPU
		{E0FABBE4-1D7D-4601-AD13-A68CC8F81645}.Ad-Hoc|iPhoneSimulator.Build.0 = Debug|Any CPU
		{E0FABBE4-1D7D-4601-AD13-A68CC8F81645}.Ad-Hoc|x64.ActiveCfg = Debug|Any CPU
		{E0FABBE4-1D7D-4601-AD13-A68CC8F81645}.Ad-Hoc|x64.Build.0 = Debug|Any CPU
		{E0FABBE4-1D7D-4601-AD13-A68CC8F81645}.Ad-Hoc|x86.ActiveCfg = Debug|Any CPU
		{E0FABBE4-1D7D-4601-AD13-A68CC8F81645}.Ad-Hoc|x86.Build.0 = Debug|Any CPU
		{E0FABBE4-1D7D-4601-AD13-A68CC8F81645}.AppStore|Any CPU.ActiveCfg = Debug|Any CPU
		{E0FABBE4-1D7D-4601-AD13-A68CC8F81645}.AppStore|Any CPU.Build.0 = Debug|Any CPU
		{E0FABBE4-1D7D-4601-AD13-A68CC8F81645}.AppStore|ARM.ActiveCfg = Debug|Any CPU
		{E0FABBE4-1D7D-4601-AD13-A68CC8F81645}.AppStore|ARM.Build.0 = Debug|Any CPU
		{E0FABBE4-1D7D-4601-AD13-A68CC8F81645}.AppStore|iPhone.ActiveCfg = Debug|Any CPU
		{E0FABBE4-1D7D-4601-AD13-A68CC8F81645}.AppStore|iPhone.Build.0 = Debug|Any CPU
		{E0FABBE4-1D7D-4601-AD13-A68CC8F81645}.AppStore|iPhoneSimulator.ActiveCfg = Debug|Any CPU
		{E0FABBE4-1D7D-4601-AD13-A68CC8F81645}.AppStore|iPhoneSimulator.Build.0 = Debug|Any CPU
		{E0FABBE4-1D7D-4601-AD13-A68CC8F81645}.AppStore|x64.ActiveCfg = Debug|Any CPU
		{E0FABBE4-1D7D-4601-AD13-A68CC8F81645}.AppStore|x64.Build.0 = Debug|Any CPU
		{E0FABBE4-1D7D-4601-AD13-A68CC8F81645}.AppStore|x86.ActiveCfg = Debug|Any CPU
		{E0FABBE4-1D7D-4601-AD13-A68CC8F81645}.AppStore|x86.Build.0 = Debug|Any CPU
		{E0FABBE4-1D7D-4601-AD13-A68CC8F81645}.Debug|Any CPU.ActiveCfg = Debug|Any CPU
		{E0FABBE4-1D7D-4601-AD13-A68CC8F81645}.Debug|Any CPU.Build.0 = Debug|Any CPU
		{E0FABBE4-1D7D-4601-AD13-A68CC8F81645}.Debug|ARM.ActiveCfg = Debug|Any CPU
		{E0FABBE4-1D7D-4601-AD13-A68CC8F81645}.Debug|ARM.Build.0 = Debug|Any CPU
		{E0FABBE4-1D7D-4601-AD13-A68CC8F81645}.Debug|iPhone.ActiveCfg = Debug|Any CPU
		{E0FABBE4-1D7D-4601-AD13-A68CC8F81645}.Debug|iPhone.Build.0 = Debug|Any CPU
		{E0FABBE4-1D7D-4601-AD13-A68CC8F81645}.Debug|iPhoneSimulator.ActiveCfg = Debug|Any CPU
		{E0FABBE4-1D7D-4601-AD13-A68CC8F81645}.Debug|iPhoneSimulator.Build.0 = Debug|Any CPU
		{E0FABBE4-1D7D-4601-AD13-A68CC8F81645}.Debug|x64.ActiveCfg = Debug|Any CPU
		{E0FABBE4-1D7D-4601-AD13-A68CC8F81645}.Debug|x64.Build.0 = Debug|Any CPU
		{E0FABBE4-1D7D-4601-AD13-A68CC8F81645}.Debug|x86.ActiveCfg = Debug|Any CPU
		{E0FABBE4-1D7D-4601-AD13-A68CC8F81645}.Debug|x86.Build.0 = Debug|Any CPU
		{E0FABBE4-1D7D-4601-AD13-A68CC8F81645}.Release|Any CPU.ActiveCfg = Release|Any CPU
		{E0FABBE4-1D7D-4601-AD13-A68CC8F81645}.Release|Any CPU.Build.0 = Release|Any CPU
		{E0FABBE4-1D7D-4601-AD13-A68CC8F81645}.Release|ARM.ActiveCfg = Release|Any CPU
		{E0FABBE4-1D7D-4601-AD13-A68CC8F81645}.Release|ARM.Build.0 = Release|Any CPU
		{E0FABBE4-1D7D-4601-AD13-A68CC8F81645}.Release|iPhone.ActiveCfg = Release|Any CPU
		{E0FABBE4-1D7D-4601-AD13-A68CC8F81645}.Release|iPhone.Build.0 = Release|Any CPU
		{E0FABBE4-1D7D-4601-AD13-A68CC8F81645}.Release|iPhoneSimulator.ActiveCfg = Release|Any CPU
		{E0FABBE4-1D7D-4601-AD13-A68CC8F81645}.Release|iPhoneSimulator.Build.0 = Release|Any CPU
		{E0FABBE4-1D7D-4601-AD13-A68CC8F81645}.Release|x64.ActiveCfg = Release|Any CPU
		{E0FABBE4-1D7D-4601-AD13-A68CC8F81645}.Release|x64.Build.0 = Release|Any CPU
		{E0FABBE4-1D7D-4601-AD13-A68CC8F81645}.Release|x86.ActiveCfg = Release|Any CPU
		{E0FABBE4-1D7D-4601-AD13-A68CC8F81645}.Release|x86.Build.0 = Release|Any CPU
		{215DD7A6-468A-4686-ACF7-E596E4FBD093}.Ad-Hoc|Any CPU.ActiveCfg = Release|Any CPU
		{215DD7A6-468A-4686-ACF7-E596E4FBD093}.Ad-Hoc|Any CPU.Build.0 = Release|Any CPU
		{215DD7A6-468A-4686-ACF7-E596E4FBD093}.Ad-Hoc|Any CPU.Deploy.0 = Release|Any CPU
		{215DD7A6-468A-4686-ACF7-E596E4FBD093}.Ad-Hoc|ARM.ActiveCfg = Release|Any CPU
		{215DD7A6-468A-4686-ACF7-E596E4FBD093}.Ad-Hoc|ARM.Build.0 = Release|Any CPU
		{215DD7A6-468A-4686-ACF7-E596E4FBD093}.Ad-Hoc|ARM.Deploy.0 = Release|Any CPU
		{215DD7A6-468A-4686-ACF7-E596E4FBD093}.Ad-Hoc|iPhone.ActiveCfg = Release|Any CPU
		{215DD7A6-468A-4686-ACF7-E596E4FBD093}.Ad-Hoc|iPhone.Build.0 = Release|Any CPU
		{215DD7A6-468A-4686-ACF7-E596E4FBD093}.Ad-Hoc|iPhone.Deploy.0 = Release|Any CPU
		{215DD7A6-468A-4686-ACF7-E596E4FBD093}.Ad-Hoc|iPhoneSimulator.ActiveCfg = Release|Any CPU
		{215DD7A6-468A-4686-ACF7-E596E4FBD093}.Ad-Hoc|iPhoneSimulator.Build.0 = Release|Any CPU
		{215DD7A6-468A-4686-ACF7-E596E4FBD093}.Ad-Hoc|iPhoneSimulator.Deploy.0 = Release|Any CPU
		{215DD7A6-468A-4686-ACF7-E596E4FBD093}.Ad-Hoc|x64.ActiveCfg = Release|Any CPU
		{215DD7A6-468A-4686-ACF7-E596E4FBD093}.Ad-Hoc|x64.Build.0 = Release|Any CPU
		{215DD7A6-468A-4686-ACF7-E596E4FBD093}.Ad-Hoc|x64.Deploy.0 = Release|Any CPU
		{215DD7A6-468A-4686-ACF7-E596E4FBD093}.Ad-Hoc|x86.ActiveCfg = Release|Any CPU
		{215DD7A6-468A-4686-ACF7-E596E4FBD093}.Ad-Hoc|x86.Build.0 = Release|Any CPU
		{215DD7A6-468A-4686-ACF7-E596E4FBD093}.Ad-Hoc|x86.Deploy.0 = Release|Any CPU
		{215DD7A6-468A-4686-ACF7-E596E4FBD093}.AppStore|Any CPU.ActiveCfg = Release|Any CPU
		{215DD7A6-468A-4686-ACF7-E596E4FBD093}.AppStore|Any CPU.Build.0 = Release|Any CPU
		{215DD7A6-468A-4686-ACF7-E596E4FBD093}.AppStore|Any CPU.Deploy.0 = Release|Any CPU
		{215DD7A6-468A-4686-ACF7-E596E4FBD093}.AppStore|ARM.ActiveCfg = Release|Any CPU
		{215DD7A6-468A-4686-ACF7-E596E4FBD093}.AppStore|ARM.Build.0 = Release|Any CPU
		{215DD7A6-468A-4686-ACF7-E596E4FBD093}.AppStore|ARM.Deploy.0 = Release|Any CPU
		{215DD7A6-468A-4686-ACF7-E596E4FBD093}.AppStore|iPhone.ActiveCfg = Release|Any CPU
		{215DD7A6-468A-4686-ACF7-E596E4FBD093}.AppStore|iPhone.Build.0 = Release|Any CPU
		{215DD7A6-468A-4686-ACF7-E596E4FBD093}.AppStore|iPhone.Deploy.0 = Release|Any CPU
		{215DD7A6-468A-4686-ACF7-E596E4FBD093}.AppStore|iPhoneSimulator.ActiveCfg = Release|Any CPU
		{215DD7A6-468A-4686-ACF7-E596E4FBD093}.AppStore|iPhoneSimulator.Build.0 = Release|Any CPU
		{215DD7A6-468A-4686-ACF7-E596E4FBD093}.AppStore|iPhoneSimulator.Deploy.0 = Release|Any CPU
		{215DD7A6-468A-4686-ACF7-E596E4FBD093}.AppStore|x64.ActiveCfg = Release|Any CPU
		{215DD7A6-468A-4686-ACF7-E596E4FBD093}.AppStore|x64.Build.0 = Release|Any CPU
		{215DD7A6-468A-4686-ACF7-E596E4FBD093}.AppStore|x64.Deploy.0 = Release|Any CPU
		{215DD7A6-468A-4686-ACF7-E596E4FBD093}.AppStore|x86.ActiveCfg = Release|Any CPU
		{215DD7A6-468A-4686-ACF7-E596E4FBD093}.AppStore|x86.Build.0 = Release|Any CPU
		{215DD7A6-468A-4686-ACF7-E596E4FBD093}.AppStore|x86.Deploy.0 = Release|Any CPU
		{215DD7A6-468A-4686-ACF7-E596E4FBD093}.Debug|Any CPU.ActiveCfg = Debug|Any CPU
		{215DD7A6-468A-4686-ACF7-E596E4FBD093}.Debug|Any CPU.Build.0 = Debug|Any CPU
		{215DD7A6-468A-4686-ACF7-E596E4FBD093}.Debug|Any CPU.Deploy.0 = Debug|Any CPU
		{215DD7A6-468A-4686-ACF7-E596E4FBD093}.Debug|ARM.ActiveCfg = Debug|Any CPU
		{215DD7A6-468A-4686-ACF7-E596E4FBD093}.Debug|ARM.Build.0 = Debug|Any CPU
		{215DD7A6-468A-4686-ACF7-E596E4FBD093}.Debug|ARM.Deploy.0 = Debug|Any CPU
		{215DD7A6-468A-4686-ACF7-E596E4FBD093}.Debug|iPhone.ActiveCfg = Debug|Any CPU
		{215DD7A6-468A-4686-ACF7-E596E4FBD093}.Debug|iPhone.Build.0 = Debug|Any CPU
		{215DD7A6-468A-4686-ACF7-E596E4FBD093}.Debug|iPhone.Deploy.0 = Debug|Any CPU
		{215DD7A6-468A-4686-ACF7-E596E4FBD093}.Debug|iPhoneSimulator.ActiveCfg = Debug|Any CPU
		{215DD7A6-468A-4686-ACF7-E596E4FBD093}.Debug|iPhoneSimulator.Build.0 = Debug|Any CPU
		{215DD7A6-468A-4686-ACF7-E596E4FBD093}.Debug|iPhoneSimulator.Deploy.0 = Debug|Any CPU
		{215DD7A6-468A-4686-ACF7-E596E4FBD093}.Debug|x64.ActiveCfg = Debug|Any CPU
		{215DD7A6-468A-4686-ACF7-E596E4FBD093}.Debug|x64.Build.0 = Debug|Any CPU
		{215DD7A6-468A-4686-ACF7-E596E4FBD093}.Debug|x64.Deploy.0 = Debug|Any CPU
		{215DD7A6-468A-4686-ACF7-E596E4FBD093}.Debug|x86.ActiveCfg = Debug|Any CPU
		{215DD7A6-468A-4686-ACF7-E596E4FBD093}.Debug|x86.Build.0 = Debug|Any CPU
		{215DD7A6-468A-4686-ACF7-E596E4FBD093}.Debug|x86.Deploy.0 = Debug|Any CPU
		{215DD7A6-468A-4686-ACF7-E596E4FBD093}.Release|Any CPU.ActiveCfg = Release|Any CPU
		{215DD7A6-468A-4686-ACF7-E596E4FBD093}.Release|Any CPU.Build.0 = Release|Any CPU
		{215DD7A6-468A-4686-ACF7-E596E4FBD093}.Release|Any CPU.Deploy.0 = Release|Any CPU
		{215DD7A6-468A-4686-ACF7-E596E4FBD093}.Release|ARM.ActiveCfg = Release|Any CPU
		{215DD7A6-468A-4686-ACF7-E596E4FBD093}.Release|ARM.Build.0 = Release|Any CPU
		{215DD7A6-468A-4686-ACF7-E596E4FBD093}.Release|ARM.Deploy.0 = Release|Any CPU
		{215DD7A6-468A-4686-ACF7-E596E4FBD093}.Release|iPhone.ActiveCfg = Release|Any CPU
		{215DD7A6-468A-4686-ACF7-E596E4FBD093}.Release|iPhone.Build.0 = Release|Any CPU
		{215DD7A6-468A-4686-ACF7-E596E4FBD093}.Release|iPhone.Deploy.0 = Release|Any CPU
		{215DD7A6-468A-4686-ACF7-E596E4FBD093}.Release|iPhoneSimulator.ActiveCfg = Release|Any CPU
		{215DD7A6-468A-4686-ACF7-E596E4FBD093}.Release|iPhoneSimulator.Build.0 = Release|Any CPU
		{215DD7A6-468A-4686-ACF7-E596E4FBD093}.Release|iPhoneSimulator.Deploy.0 = Release|Any CPU
		{215DD7A6-468A-4686-ACF7-E596E4FBD093}.Release|x64.ActiveCfg = Release|Any CPU
		{215DD7A6-468A-4686-ACF7-E596E4FBD093}.Release|x64.Build.0 = Release|Any CPU
		{215DD7A6-468A-4686-ACF7-E596E4FBD093}.Release|x64.Deploy.0 = Release|Any CPU
		{215DD7A6-468A-4686-ACF7-E596E4FBD093}.Release|x86.ActiveCfg = Release|Any CPU
		{215DD7A6-468A-4686-ACF7-E596E4FBD093}.Release|x86.Build.0 = Release|Any CPU
		{215DD7A6-468A-4686-ACF7-E596E4FBD093}.Release|x86.Deploy.0 = Release|Any CPU
		{B54EE8CB-5306-4EB8-86FF-90104F160661}.Ad-Hoc|Any CPU.ActiveCfg = Release|x86
		{B54EE8CB-5306-4EB8-86FF-90104F160661}.Ad-Hoc|Any CPU.Build.0 = Release|x86
		{B54EE8CB-5306-4EB8-86FF-90104F160661}.Ad-Hoc|Any CPU.Deploy.0 = Release|x86
		{B54EE8CB-5306-4EB8-86FF-90104F160661}.Ad-Hoc|ARM.ActiveCfg = Release|ARM
		{B54EE8CB-5306-4EB8-86FF-90104F160661}.Ad-Hoc|ARM.Build.0 = Release|ARM
		{B54EE8CB-5306-4EB8-86FF-90104F160661}.Ad-Hoc|ARM.Deploy.0 = Release|ARM
		{B54EE8CB-5306-4EB8-86FF-90104F160661}.Ad-Hoc|iPhone.ActiveCfg = Release|x86
		{B54EE8CB-5306-4EB8-86FF-90104F160661}.Ad-Hoc|iPhone.Build.0 = Release|x86
		{B54EE8CB-5306-4EB8-86FF-90104F160661}.Ad-Hoc|iPhone.Deploy.0 = Release|x86
		{B54EE8CB-5306-4EB8-86FF-90104F160661}.Ad-Hoc|iPhoneSimulator.ActiveCfg = Release|x86
		{B54EE8CB-5306-4EB8-86FF-90104F160661}.Ad-Hoc|iPhoneSimulator.Build.0 = Release|x86
		{B54EE8CB-5306-4EB8-86FF-90104F160661}.Ad-Hoc|iPhoneSimulator.Deploy.0 = Release|x86
		{B54EE8CB-5306-4EB8-86FF-90104F160661}.Ad-Hoc|x64.ActiveCfg = Release|x64
		{B54EE8CB-5306-4EB8-86FF-90104F160661}.Ad-Hoc|x64.Build.0 = Release|x64
		{B54EE8CB-5306-4EB8-86FF-90104F160661}.Ad-Hoc|x64.Deploy.0 = Release|x64
		{B54EE8CB-5306-4EB8-86FF-90104F160661}.Ad-Hoc|x86.ActiveCfg = Release|x86
		{B54EE8CB-5306-4EB8-86FF-90104F160661}.Ad-Hoc|x86.Build.0 = Release|x86
		{B54EE8CB-5306-4EB8-86FF-90104F160661}.Ad-Hoc|x86.Deploy.0 = Release|x86
		{B54EE8CB-5306-4EB8-86FF-90104F160661}.AppStore|Any CPU.ActiveCfg = Release|x86
		{B54EE8CB-5306-4EB8-86FF-90104F160661}.AppStore|Any CPU.Build.0 = Release|x86
		{B54EE8CB-5306-4EB8-86FF-90104F160661}.AppStore|Any CPU.Deploy.0 = Release|x86
		{B54EE8CB-5306-4EB8-86FF-90104F160661}.AppStore|ARM.ActiveCfg = Release|ARM
		{B54EE8CB-5306-4EB8-86FF-90104F160661}.AppStore|ARM.Build.0 = Release|ARM
		{B54EE8CB-5306-4EB8-86FF-90104F160661}.AppStore|ARM.Deploy.0 = Release|ARM
		{B54EE8CB-5306-4EB8-86FF-90104F160661}.AppStore|iPhone.ActiveCfg = Release|x86
		{B54EE8CB-5306-4EB8-86FF-90104F160661}.AppStore|iPhone.Build.0 = Release|x86
		{B54EE8CB-5306-4EB8-86FF-90104F160661}.AppStore|iPhone.Deploy.0 = Release|x86
		{B54EE8CB-5306-4EB8-86FF-90104F160661}.AppStore|iPhoneSimulator.ActiveCfg = Release|x86
		{B54EE8CB-5306-4EB8-86FF-90104F160661}.AppStore|iPhoneSimulator.Build.0 = Release|x86
		{B54EE8CB-5306-4EB8-86FF-90104F160661}.AppStore|iPhoneSimulator.Deploy.0 = Release|x86
		{B54EE8CB-5306-4EB8-86FF-90104F160661}.AppStore|x64.ActiveCfg = Release|x64
		{B54EE8CB-5306-4EB8-86FF-90104F160661}.AppStore|x64.Build.0 = Release|x64
		{B54EE8CB-5306-4EB8-86FF-90104F160661}.AppStore|x64.Deploy.0 = Release|x64
		{B54EE8CB-5306-4EB8-86FF-90104F160661}.AppStore|x86.ActiveCfg = Release|x86
		{B54EE8CB-5306-4EB8-86FF-90104F160661}.AppStore|x86.Build.0 = Release|x86
		{B54EE8CB-5306-4EB8-86FF-90104F160661}.AppStore|x86.Deploy.0 = Release|x86
		{B54EE8CB-5306-4EB8-86FF-90104F160661}.Debug|Any CPU.ActiveCfg = Debug|x86
		{B54EE8CB-5306-4EB8-86FF-90104F160661}.Debug|ARM.ActiveCfg = Debug|ARM
		{B54EE8CB-5306-4EB8-86FF-90104F160661}.Debug|ARM.Build.0 = Debug|ARM
		{B54EE8CB-5306-4EB8-86FF-90104F160661}.Debug|ARM.Deploy.0 = Debug|ARM
		{B54EE8CB-5306-4EB8-86FF-90104F160661}.Debug|iPhone.ActiveCfg = Debug|x86
		{B54EE8CB-5306-4EB8-86FF-90104F160661}.Debug|iPhoneSimulator.ActiveCfg = Debug|x86
		{B54EE8CB-5306-4EB8-86FF-90104F160661}.Debug|x64.ActiveCfg = Debug|x64
		{B54EE8CB-5306-4EB8-86FF-90104F160661}.Debug|x64.Build.0 = Debug|x64
		{B54EE8CB-5306-4EB8-86FF-90104F160661}.Debug|x64.Deploy.0 = Debug|x64
		{B54EE8CB-5306-4EB8-86FF-90104F160661}.Debug|x86.ActiveCfg = Debug|x86
		{B54EE8CB-5306-4EB8-86FF-90104F160661}.Debug|x86.Build.0 = Debug|x86
		{B54EE8CB-5306-4EB8-86FF-90104F160661}.Debug|x86.Deploy.0 = Debug|x86
		{B54EE8CB-5306-4EB8-86FF-90104F160661}.Release|Any CPU.ActiveCfg = Release|x86
		{B54EE8CB-5306-4EB8-86FF-90104F160661}.Release|ARM.ActiveCfg = Release|ARM
		{B54EE8CB-5306-4EB8-86FF-90104F160661}.Release|ARM.Build.0 = Release|ARM
		{B54EE8CB-5306-4EB8-86FF-90104F160661}.Release|ARM.Deploy.0 = Release|ARM
		{B54EE8CB-5306-4EB8-86FF-90104F160661}.Release|iPhone.ActiveCfg = Release|x86
		{B54EE8CB-5306-4EB8-86FF-90104F160661}.Release|iPhoneSimulator.ActiveCfg = Release|x86
		{B54EE8CB-5306-4EB8-86FF-90104F160661}.Release|x64.ActiveCfg = Release|x64
		{B54EE8CB-5306-4EB8-86FF-90104F160661}.Release|x64.Build.0 = Release|x64
		{B54EE8CB-5306-4EB8-86FF-90104F160661}.Release|x64.Deploy.0 = Release|x64
		{B54EE8CB-5306-4EB8-86FF-90104F160661}.Release|x86.ActiveCfg = Release|x86
		{B54EE8CB-5306-4EB8-86FF-90104F160661}.Release|x86.Build.0 = Release|x86
		{B54EE8CB-5306-4EB8-86FF-90104F160661}.Release|x86.Deploy.0 = Release|x86
		{9CC8FEFE-0F10-4731-AA9C-D9BB6AAD9891}.Ad-Hoc|Any CPU.ActiveCfg = Debug|Any CPU
		{9CC8FEFE-0F10-4731-AA9C-D9BB6AAD9891}.Ad-Hoc|Any CPU.Build.0 = Debug|Any CPU
		{9CC8FEFE-0F10-4731-AA9C-D9BB6AAD9891}.Ad-Hoc|ARM.ActiveCfg = Debug|Any CPU
		{9CC8FEFE-0F10-4731-AA9C-D9BB6AAD9891}.Ad-Hoc|ARM.Build.0 = Debug|Any CPU
		{9CC8FEFE-0F10-4731-AA9C-D9BB6AAD9891}.Ad-Hoc|iPhone.ActiveCfg = Debug|Any CPU
		{9CC8FEFE-0F10-4731-AA9C-D9BB6AAD9891}.Ad-Hoc|iPhone.Build.0 = Debug|Any CPU
		{9CC8FEFE-0F10-4731-AA9C-D9BB6AAD9891}.Ad-Hoc|iPhoneSimulator.ActiveCfg = Debug|Any CPU
		{9CC8FEFE-0F10-4731-AA9C-D9BB6AAD9891}.Ad-Hoc|iPhoneSimulator.Build.0 = Debug|Any CPU
		{9CC8FEFE-0F10-4731-AA9C-D9BB6AAD9891}.Ad-Hoc|x64.ActiveCfg = Debug|Any CPU
		{9CC8FEFE-0F10-4731-AA9C-D9BB6AAD9891}.Ad-Hoc|x64.Build.0 = Debug|Any CPU
		{9CC8FEFE-0F10-4731-AA9C-D9BB6AAD9891}.Ad-Hoc|x86.ActiveCfg = Debug|Any CPU
		{9CC8FEFE-0F10-4731-AA9C-D9BB6AAD9891}.Ad-Hoc|x86.Build.0 = Debug|Any CPU
		{9CC8FEFE-0F10-4731-AA9C-D9BB6AAD9891}.AppStore|Any CPU.ActiveCfg = Debug|Any CPU
		{9CC8FEFE-0F10-4731-AA9C-D9BB6AAD9891}.AppStore|Any CPU.Build.0 = Debug|Any CPU
		{9CC8FEFE-0F10-4731-AA9C-D9BB6AAD9891}.AppStore|ARM.ActiveCfg = Debug|Any CPU
		{9CC8FEFE-0F10-4731-AA9C-D9BB6AAD9891}.AppStore|ARM.Build.0 = Debug|Any CPU
		{9CC8FEFE-0F10-4731-AA9C-D9BB6AAD9891}.AppStore|iPhone.ActiveCfg = Debug|Any CPU
		{9CC8FEFE-0F10-4731-AA9C-D9BB6AAD9891}.AppStore|iPhone.Build.0 = Debug|Any CPU
		{9CC8FEFE-0F10-4731-AA9C-D9BB6AAD9891}.AppStore|iPhoneSimulator.ActiveCfg = Debug|Any CPU
		{9CC8FEFE-0F10-4731-AA9C-D9BB6AAD9891}.AppStore|iPhoneSimulator.Build.0 = Debug|Any CPU
		{9CC8FEFE-0F10-4731-AA9C-D9BB6AAD9891}.AppStore|x64.ActiveCfg = Debug|Any CPU
		{9CC8FEFE-0F10-4731-AA9C-D9BB6AAD9891}.AppStore|x64.Build.0 = Debug|Any CPU
		{9CC8FEFE-0F10-4731-AA9C-D9BB6AAD9891}.AppStore|x86.ActiveCfg = Debug|Any CPU
		{9CC8FEFE-0F10-4731-AA9C-D9BB6AAD9891}.AppStore|x86.Build.0 = Debug|Any CPU
		{9CC8FEFE-0F10-4731-AA9C-D9BB6AAD9891}.Debug|Any CPU.ActiveCfg = Debug|Any CPU
		{9CC8FEFE-0F10-4731-AA9C-D9BB6AAD9891}.Debug|Any CPU.Build.0 = Debug|Any CPU
		{9CC8FEFE-0F10-4731-AA9C-D9BB6AAD9891}.Debug|ARM.ActiveCfg = Debug|Any CPU
		{9CC8FEFE-0F10-4731-AA9C-D9BB6AAD9891}.Debug|ARM.Build.0 = Debug|Any CPU
		{9CC8FEFE-0F10-4731-AA9C-D9BB6AAD9891}.Debug|iPhone.ActiveCfg = Debug|Any CPU
		{9CC8FEFE-0F10-4731-AA9C-D9BB6AAD9891}.Debug|iPhone.Build.0 = Debug|Any CPU
		{9CC8FEFE-0F10-4731-AA9C-D9BB6AAD9891}.Debug|iPhoneSimulator.ActiveCfg = Debug|Any CPU
		{9CC8FEFE-0F10-4731-AA9C-D9BB6AAD9891}.Debug|iPhoneSimulator.Build.0 = Debug|Any CPU
		{9CC8FEFE-0F10-4731-AA9C-D9BB6AAD9891}.Debug|x64.ActiveCfg = Debug|Any CPU
		{9CC8FEFE-0F10-4731-AA9C-D9BB6AAD9891}.Debug|x64.Build.0 = Debug|Any CPU
		{9CC8FEFE-0F10-4731-AA9C-D9BB6AAD9891}.Debug|x86.ActiveCfg = Debug|Any CPU
		{9CC8FEFE-0F10-4731-AA9C-D9BB6AAD9891}.Debug|x86.Build.0 = Debug|Any CPU
		{9CC8FEFE-0F10-4731-AA9C-D9BB6AAD9891}.Release|Any CPU.ActiveCfg = Release|Any CPU
		{9CC8FEFE-0F10-4731-AA9C-D9BB6AAD9891}.Release|Any CPU.Build.0 = Release|Any CPU
		{9CC8FEFE-0F10-4731-AA9C-D9BB6AAD9891}.Release|ARM.ActiveCfg = Release|Any CPU
		{9CC8FEFE-0F10-4731-AA9C-D9BB6AAD9891}.Release|ARM.Build.0 = Release|Any CPU
		{9CC8FEFE-0F10-4731-AA9C-D9BB6AAD9891}.Release|iPhone.ActiveCfg = Release|Any CPU
		{9CC8FEFE-0F10-4731-AA9C-D9BB6AAD9891}.Release|iPhone.Build.0 = Release|Any CPU
		{9CC8FEFE-0F10-4731-AA9C-D9BB6AAD9891}.Release|iPhoneSimulator.ActiveCfg = Release|Any CPU
		{9CC8FEFE-0F10-4731-AA9C-D9BB6AAD9891}.Release|iPhoneSimulator.Build.0 = Release|Any CPU
		{9CC8FEFE-0F10-4731-AA9C-D9BB6AAD9891}.Release|x64.ActiveCfg = Release|Any CPU
		{9CC8FEFE-0F10-4731-AA9C-D9BB6AAD9891}.Release|x64.Build.0 = Release|Any CPU
		{9CC8FEFE-0F10-4731-AA9C-D9BB6AAD9891}.Release|x86.ActiveCfg = Release|Any CPU
		{9CC8FEFE-0F10-4731-AA9C-D9BB6AAD9891}.Release|x86.Build.0 = Release|Any CPU
		{ED55DBAD-96AE-450B-949F-C5296EB04733}.Ad-Hoc|Any CPU.ActiveCfg = Debug|Any CPU
		{ED55DBAD-96AE-450B-949F-C5296EB04733}.Ad-Hoc|Any CPU.Build.0 = Debug|Any CPU
		{ED55DBAD-96AE-450B-949F-C5296EB04733}.Ad-Hoc|ARM.ActiveCfg = Debug|Any CPU
		{ED55DBAD-96AE-450B-949F-C5296EB04733}.Ad-Hoc|ARM.Build.0 = Debug|Any CPU
		{ED55DBAD-96AE-450B-949F-C5296EB04733}.Ad-Hoc|iPhone.ActiveCfg = Debug|Any CPU
		{ED55DBAD-96AE-450B-949F-C5296EB04733}.Ad-Hoc|iPhone.Build.0 = Debug|Any CPU
		{ED55DBAD-96AE-450B-949F-C5296EB04733}.Ad-Hoc|iPhoneSimulator.ActiveCfg = Debug|Any CPU
		{ED55DBAD-96AE-450B-949F-C5296EB04733}.Ad-Hoc|iPhoneSimulator.Build.0 = Debug|Any CPU
		{ED55DBAD-96AE-450B-949F-C5296EB04733}.Ad-Hoc|x64.ActiveCfg = Debug|Any CPU
		{ED55DBAD-96AE-450B-949F-C5296EB04733}.Ad-Hoc|x64.Build.0 = Debug|Any CPU
		{ED55DBAD-96AE-450B-949F-C5296EB04733}.Ad-Hoc|x86.ActiveCfg = Debug|Any CPU
		{ED55DBAD-96AE-450B-949F-C5296EB04733}.Ad-Hoc|x86.Build.0 = Debug|Any CPU
		{ED55DBAD-96AE-450B-949F-C5296EB04733}.AppStore|Any CPU.ActiveCfg = Debug|Any CPU
		{ED55DBAD-96AE-450B-949F-C5296EB04733}.AppStore|Any CPU.Build.0 = Debug|Any CPU
		{ED55DBAD-96AE-450B-949F-C5296EB04733}.AppStore|ARM.ActiveCfg = Debug|Any CPU
		{ED55DBAD-96AE-450B-949F-C5296EB04733}.AppStore|ARM.Build.0 = Debug|Any CPU
		{ED55DBAD-96AE-450B-949F-C5296EB04733}.AppStore|iPhone.ActiveCfg = Debug|Any CPU
		{ED55DBAD-96AE-450B-949F-C5296EB04733}.AppStore|iPhone.Build.0 = Debug|Any CPU
		{ED55DBAD-96AE-450B-949F-C5296EB04733}.AppStore|iPhoneSimulator.ActiveCfg = Debug|Any CPU
		{ED55DBAD-96AE-450B-949F-C5296EB04733}.AppStore|iPhoneSimulator.Build.0 = Debug|Any CPU
		{ED55DBAD-96AE-450B-949F-C5296EB04733}.AppStore|x64.ActiveCfg = Debug|Any CPU
		{ED55DBAD-96AE-450B-949F-C5296EB04733}.AppStore|x64.Build.0 = Debug|Any CPU
		{ED55DBAD-96AE-450B-949F-C5296EB04733}.AppStore|x86.ActiveCfg = Debug|Any CPU
		{ED55DBAD-96AE-450B-949F-C5296EB04733}.AppStore|x86.Build.0 = Debug|Any CPU
		{ED55DBAD-96AE-450B-949F-C5296EB04733}.Debug|Any CPU.ActiveCfg = Debug|Any CPU
		{ED55DBAD-96AE-450B-949F-C5296EB04733}.Debug|Any CPU.Build.0 = Debug|Any CPU
		{ED55DBAD-96AE-450B-949F-C5296EB04733}.Debug|ARM.ActiveCfg = Debug|Any CPU
		{ED55DBAD-96AE-450B-949F-C5296EB04733}.Debug|ARM.Build.0 = Debug|Any CPU
		{ED55DBAD-96AE-450B-949F-C5296EB04733}.Debug|iPhone.ActiveCfg = Debug|Any CPU
		{ED55DBAD-96AE-450B-949F-C5296EB04733}.Debug|iPhone.Build.0 = Debug|Any CPU
		{ED55DBAD-96AE-450B-949F-C5296EB04733}.Debug|iPhoneSimulator.ActiveCfg = Debug|Any CPU
		{ED55DBAD-96AE-450B-949F-C5296EB04733}.Debug|iPhoneSimulator.Build.0 = Debug|Any CPU
		{ED55DBAD-96AE-450B-949F-C5296EB04733}.Debug|x64.ActiveCfg = Debug|Any CPU
		{ED55DBAD-96AE-450B-949F-C5296EB04733}.Debug|x64.Build.0 = Debug|Any CPU
		{ED55DBAD-96AE-450B-949F-C5296EB04733}.Debug|x86.ActiveCfg = Debug|Any CPU
		{ED55DBAD-96AE-450B-949F-C5296EB04733}.Debug|x86.Build.0 = Debug|Any CPU
		{ED55DBAD-96AE-450B-949F-C5296EB04733}.Release|Any CPU.ActiveCfg = Release|Any CPU
		{ED55DBAD-96AE-450B-949F-C5296EB04733}.Release|Any CPU.Build.0 = Release|Any CPU
		{ED55DBAD-96AE-450B-949F-C5296EB04733}.Release|ARM.ActiveCfg = Release|Any CPU
		{ED55DBAD-96AE-450B-949F-C5296EB04733}.Release|ARM.Build.0 = Release|Any CPU
		{ED55DBAD-96AE-450B-949F-C5296EB04733}.Release|iPhone.ActiveCfg = Release|Any CPU
		{ED55DBAD-96AE-450B-949F-C5296EB04733}.Release|iPhone.Build.0 = Release|Any CPU
		{ED55DBAD-96AE-450B-949F-C5296EB04733}.Release|iPhoneSimulator.ActiveCfg = Release|Any CPU
		{ED55DBAD-96AE-450B-949F-C5296EB04733}.Release|iPhoneSimulator.Build.0 = Release|Any CPU
		{ED55DBAD-96AE-450B-949F-C5296EB04733}.Release|x64.ActiveCfg = Release|Any CPU
		{ED55DBAD-96AE-450B-949F-C5296EB04733}.Release|x64.Build.0 = Release|Any CPU
		{ED55DBAD-96AE-450B-949F-C5296EB04733}.Release|x86.ActiveCfg = Release|Any CPU
		{ED55DBAD-96AE-450B-949F-C5296EB04733}.Release|x86.Build.0 = Release|Any CPU
		{AF3C2DF5-5B46-4817-8D18-123F88D1A795}.Ad-Hoc|Any CPU.ActiveCfg = Debug|Any CPU
		{AF3C2DF5-5B46-4817-8D18-123F88D1A795}.Ad-Hoc|Any CPU.Build.0 = Debug|Any CPU
		{AF3C2DF5-5B46-4817-8D18-123F88D1A795}.Ad-Hoc|ARM.ActiveCfg = Debug|Any CPU
		{AF3C2DF5-5B46-4817-8D18-123F88D1A795}.Ad-Hoc|ARM.Build.0 = Debug|Any CPU
		{AF3C2DF5-5B46-4817-8D18-123F88D1A795}.Ad-Hoc|iPhone.ActiveCfg = Debug|Any CPU
		{AF3C2DF5-5B46-4817-8D18-123F88D1A795}.Ad-Hoc|iPhone.Build.0 = Debug|Any CPU
		{AF3C2DF5-5B46-4817-8D18-123F88D1A795}.Ad-Hoc|iPhoneSimulator.ActiveCfg = Debug|Any CPU
		{AF3C2DF5-5B46-4817-8D18-123F88D1A795}.Ad-Hoc|iPhoneSimulator.Build.0 = Debug|Any CPU
		{AF3C2DF5-5B46-4817-8D18-123F88D1A795}.Ad-Hoc|x64.ActiveCfg = Debug|Any CPU
		{AF3C2DF5-5B46-4817-8D18-123F88D1A795}.Ad-Hoc|x64.Build.0 = Debug|Any CPU
		{AF3C2DF5-5B46-4817-8D18-123F88D1A795}.Ad-Hoc|x86.ActiveCfg = Debug|Any CPU
		{AF3C2DF5-5B46-4817-8D18-123F88D1A795}.Ad-Hoc|x86.Build.0 = Debug|Any CPU
		{AF3C2DF5-5B46-4817-8D18-123F88D1A795}.AppStore|Any CPU.ActiveCfg = Debug|Any CPU
		{AF3C2DF5-5B46-4817-8D18-123F88D1A795}.AppStore|Any CPU.Build.0 = Debug|Any CPU
		{AF3C2DF5-5B46-4817-8D18-123F88D1A795}.AppStore|ARM.ActiveCfg = Debug|Any CPU
		{AF3C2DF5-5B46-4817-8D18-123F88D1A795}.AppStore|ARM.Build.0 = Debug|Any CPU
		{AF3C2DF5-5B46-4817-8D18-123F88D1A795}.AppStore|iPhone.ActiveCfg = Debug|Any CPU
		{AF3C2DF5-5B46-4817-8D18-123F88D1A795}.AppStore|iPhone.Build.0 = Debug|Any CPU
		{AF3C2DF5-5B46-4817-8D18-123F88D1A795}.AppStore|iPhoneSimulator.ActiveCfg = Debug|Any CPU
		{AF3C2DF5-5B46-4817-8D18-123F88D1A795}.AppStore|iPhoneSimulator.Build.0 = Debug|Any CPU
		{AF3C2DF5-5B46-4817-8D18-123F88D1A795}.AppStore|x64.ActiveCfg = Debug|Any CPU
		{AF3C2DF5-5B46-4817-8D18-123F88D1A795}.AppStore|x64.Build.0 = Debug|Any CPU
		{AF3C2DF5-5B46-4817-8D18-123F88D1A795}.AppStore|x86.ActiveCfg = Debug|Any CPU
		{AF3C2DF5-5B46-4817-8D18-123F88D1A795}.AppStore|x86.Build.0 = Debug|Any CPU
		{AF3C2DF5-5B46-4817-8D18-123F88D1A795}.Debug|Any CPU.ActiveCfg = Debug|Any CPU
		{AF3C2DF5-5B46-4817-8D18-123F88D1A795}.Debug|Any CPU.Build.0 = Debug|Any CPU
		{AF3C2DF5-5B46-4817-8D18-123F88D1A795}.Debug|ARM.ActiveCfg = Debug|Any CPU
		{AF3C2DF5-5B46-4817-8D18-123F88D1A795}.Debug|ARM.Build.0 = Debug|Any CPU
		{AF3C2DF5-5B46-4817-8D18-123F88D1A795}.Debug|iPhone.ActiveCfg = Debug|Any CPU
		{AF3C2DF5-5B46-4817-8D18-123F88D1A795}.Debug|iPhone.Build.0 = Debug|Any CPU
		{AF3C2DF5-5B46-4817-8D18-123F88D1A795}.Debug|iPhoneSimulator.ActiveCfg = Debug|Any CPU
		{AF3C2DF5-5B46-4817-8D18-123F88D1A795}.Debug|iPhoneSimulator.Build.0 = Debug|Any CPU
		{AF3C2DF5-5B46-4817-8D18-123F88D1A795}.Debug|x64.ActiveCfg = Debug|Any CPU
		{AF3C2DF5-5B46-4817-8D18-123F88D1A795}.Debug|x64.Build.0 = Debug|Any CPU
		{AF3C2DF5-5B46-4817-8D18-123F88D1A795}.Debug|x86.ActiveCfg = Debug|Any CPU
		{AF3C2DF5-5B46-4817-8D18-123F88D1A795}.Debug|x86.Build.0 = Debug|Any CPU
		{AF3C2DF5-5B46-4817-8D18-123F88D1A795}.Release|Any CPU.ActiveCfg = Release|Any CPU
		{AF3C2DF5-5B46-4817-8D18-123F88D1A795}.Release|Any CPU.Build.0 = Release|Any CPU
		{AF3C2DF5-5B46-4817-8D18-123F88D1A795}.Release|ARM.ActiveCfg = Release|Any CPU
		{AF3C2DF5-5B46-4817-8D18-123F88D1A795}.Release|ARM.Build.0 = Release|Any CPU
		{AF3C2DF5-5B46-4817-8D18-123F88D1A795}.Release|iPhone.ActiveCfg = Release|Any CPU
		{AF3C2DF5-5B46-4817-8D18-123F88D1A795}.Release|iPhone.Build.0 = Release|Any CPU
		{AF3C2DF5-5B46-4817-8D18-123F88D1A795}.Release|iPhoneSimulator.ActiveCfg = Release|Any CPU
		{AF3C2DF5-5B46-4817-8D18-123F88D1A795}.Release|iPhoneSimulator.Build.0 = Release|Any CPU
		{AF3C2DF5-5B46-4817-8D18-123F88D1A795}.Release|x64.ActiveCfg = Release|Any CPU
		{AF3C2DF5-5B46-4817-8D18-123F88D1A795}.Release|x64.Build.0 = Release|Any CPU
		{AF3C2DF5-5B46-4817-8D18-123F88D1A795}.Release|x86.ActiveCfg = Release|Any CPU
		{AF3C2DF5-5B46-4817-8D18-123F88D1A795}.Release|x86.Build.0 = Release|Any CPU
	EndGlobalSection
	GlobalSection(SolutionProperties) = preSolution
		HideSolutionNode = FALSE
	EndGlobalSection
	GlobalSection(NestedProjects) = preSolution
		{9CC8FEFE-0F10-4731-AA9C-D9BB6AAD9891} = {265026AD-02F1-4CEC-A388-ACDAC905B67C}
		{ED55DBAD-96AE-450B-949F-C5296EB04733} = {265026AD-02F1-4CEC-A388-ACDAC905B67C}
		{AF3C2DF5-5B46-4817-8D18-123F88D1A795} = {265026AD-02F1-4CEC-A388-ACDAC905B67C}
	EndGlobalSection
	GlobalSection(ExtensibilityGlobals) = postSolution
		SolutionGuid = {E7DB4B6A-6054-40F1-8DDB-40322E6CE489}
	EndGlobalSection
EndGlobal
