
Microsoft Visual Studio Solution File, Format Version 12.00
# Visual Studio 15
VisualStudioVersion = 15.0.26430.15
MinimumVisualStudioVersion = 10.0.40219.1
Project("{FAE04EC0-301F-11D3-BF4B-00C04F79EFBC}") = "InteractClient.Android", "InteractClient\InteractClient.Android\InteractClient.Android.csproj", "{37EBA7C2-0F3C-44D4-8FE3-20D652B6CC41}"
EndProject
Project("{FAE04EC0-301F-11D3-BF4B-00C04F79EFBC}") = "InteractClient", "InteractClient\InteractClient\InteractClient.csproj", "{C7707C51-2682-4485-A7EB-F8EEE2783C6C}"
EndProject
Project("{FAE04EC0-301F-11D3-BF4B-00C04F79EFBC}") = "InteractClient.UWP", "InteractClient\InteractClient.UWP\InteractClient.UWP.csproj", "{25C4A24C-F4A7-46AD-950E-F14E41EBEBAE}"
EndProject
Project("{FAE04EC0-301F-11D3-BF4B-00C04F79EFBC}") = "InteractClient.iOS", "InteractClient\InteractClient.iOS\InteractClient.iOS.csproj", "{00C47A0A-BCC0-477E-8243-763EAA12869D}"
EndProject
Project("{D954291E-2A0B-460D-934E-DC6B0785DB48}") = "InteractShared", "..\Shared\InteractShared\InteractShared.shproj", "{8EBB7D02-7FB6-42DB-B779-C86C607CD1DF}"
EndProject
Global
	GlobalSection(SharedMSBuildProjectFiles) = preSolution
		..\Shared\InteractShared\InteractShared.projitems*{8ebb7d02-7fb6-42db-b779-c86c607cd1df}*SharedItemsImports = 13
		..\Shared\InteractShared\InteractShared.projitems*{c7707c51-2682-4485-a7eb-f8eee2783c6c}*SharedItemsImports = 4
	EndGlobalSection
	GlobalSection(SolutionConfigurationPlatforms) = preSolution
		Ad-Hoc|Any CPU = Ad-Hoc|Any CPU
		Ad-Hoc|ARM = Ad-Hoc|ARM
		Ad-Hoc|iPhone = Ad-Hoc|iPhone
		Ad-Hoc|iPhoneSimulator = Ad-Hoc|iPhoneSimulator
		Ad-Hoc|x64 = Ad-Hoc|x64
		Ad-Hoc|x86 = Ad-Hoc|x86
		AppStore|Any CPU = AppStore|Any CPU
		AppStore|ARM = AppStore|ARM
		AppStore|iPhone = AppStore|iPhone
		AppStore|iPhoneSimulator = AppStore|iPhoneSimulator
		AppStore|x64 = AppStore|x64
		AppStore|x86 = AppStore|x86
		Debug|Any CPU = Debug|Any CPU
		Debug|ARM = Debug|ARM
		Debug|iPhone = Debug|iPhone
		Debug|iPhoneSimulator = Debug|iPhoneSimulator
		Debug|x64 = Debug|x64
		Debug|x86 = Debug|x86
		Release|Any CPU = Release|Any CPU
		Release|ARM = Release|ARM
		Release|iPhone = Release|iPhone
		Release|iPhoneSimulator = Release|iPhoneSimulator
		Release|x64 = Release|x64
		Release|x86 = Release|x86
	EndGlobalSection
	GlobalSection(ProjectConfigurationPlatforms) = postSolution
		{37EBA7C2-0F3C-44D4-8FE3-20D652B6CC41}.Ad-Hoc|Any CPU.ActiveCfg = Release|Any CPU
		{37EBA7C2-0F3C-44D4-8FE3-20D652B6CC41}.Ad-Hoc|Any CPU.Build.0 = Release|Any CPU
		{37EBA7C2-0F3C-44D4-8FE3-20D652B6CC41}.Ad-Hoc|Any CPU.Deploy.0 = Release|Any CPU
		{37EBA7C2-0F3C-44D4-8FE3-20D652B6CC41}.Ad-Hoc|ARM.ActiveCfg = Release|Any CPU
		{37EBA7C2-0F3C-44D4-8FE3-20D652B6CC41}.Ad-Hoc|ARM.Build.0 = Release|Any CPU
		{37EBA7C2-0F3C-44D4-8FE3-20D652B6CC41}.Ad-Hoc|ARM.Deploy.0 = Release|Any CPU
		{37EBA7C2-0F3C-44D4-8FE3-20D652B6CC41}.Ad-Hoc|iPhone.ActiveCfg = Release|Any CPU
		{37EBA7C2-0F3C-44D4-8FE3-20D652B6CC41}.Ad-Hoc|iPhone.Build.0 = Release|Any CPU
		{37EBA7C2-0F3C-44D4-8FE3-20D652B6CC41}.Ad-Hoc|iPhone.Deploy.0 = Release|Any CPU
		{37EBA7C2-0F3C-44D4-8FE3-20D652B6CC41}.Ad-Hoc|iPhoneSimulator.ActiveCfg = Release|Any CPU
		{37EBA7C2-0F3C-44D4-8FE3-20D652B6CC41}.Ad-Hoc|iPhoneSimulator.Build.0 = Release|Any CPU
		{37EBA7C2-0F3C-44D4-8FE3-20D652B6CC41}.Ad-Hoc|iPhoneSimulator.Deploy.0 = Release|Any CPU
		{37EBA7C2-0F3C-44D4-8FE3-20D652B6CC41}.Ad-Hoc|x64.ActiveCfg = Release|Any CPU
		{37EBA7C2-0F3C-44D4-8FE3-20D652B6CC41}.Ad-Hoc|x64.Build.0 = Release|Any CPU
		{37EBA7C2-0F3C-44D4-8FE3-20D652B6CC41}.Ad-Hoc|x64.Deploy.0 = Release|Any CPU
		{37EBA7C2-0F3C-44D4-8FE3-20D652B6CC41}.Ad-Hoc|x86.ActiveCfg = Release|Any CPU
		{37EBA7C2-0F3C-44D4-8FE3-20D652B6CC41}.Ad-Hoc|x86.Build.0 = Release|Any CPU
		{37EBA7C2-0F3C-44D4-8FE3-20D652B6CC41}.Ad-Hoc|x86.Deploy.0 = Release|Any CPU
		{37EBA7C2-0F3C-44D4-8FE3-20D652B6CC41}.AppStore|Any CPU.ActiveCfg = Release|Any CPU
		{37EBA7C2-0F3C-44D4-8FE3-20D652B6CC41}.AppStore|Any CPU.Build.0 = Release|Any CPU
		{37EBA7C2-0F3C-44D4-8FE3-20D652B6CC41}.AppStore|Any CPU.Deploy.0 = Release|Any CPU
		{37EBA7C2-0F3C-44D4-8FE3-20D652B6CC41}.AppStore|ARM.ActiveCfg = Release|Any CPU
		{37EBA7C2-0F3C-44D4-8FE3-20D652B6CC41}.AppStore|ARM.Build.0 = Release|Any CPU
		{37EBA7C2-0F3C-44D4-8FE3-20D652B6CC41}.AppStore|ARM.Deploy.0 = Release|Any CPU
		{37EBA7C2-0F3C-44D4-8FE3-20D652B6CC41}.AppStore|iPhone.ActiveCfg = Release|Any CPU
		{37EBA7C2-0F3C-44D4-8FE3-20D652B6CC41}.AppStore|iPhone.Build.0 = Release|Any CPU
		{37EBA7C2-0F3C-44D4-8FE3-20D652B6CC41}.AppStore|iPhone.Deploy.0 = Release|Any CPU
		{37EBA7C2-0F3C-44D4-8FE3-20D652B6CC41}.AppStore|iPhoneSimulator.ActiveCfg = Release|Any CPU
		{37EBA7C2-0F3C-44D4-8FE3-20D652B6CC41}.AppStore|iPhoneSimulator.Build.0 = Release|Any CPU
		{37EBA7C2-0F3C-44D4-8FE3-20D652B6CC41}.AppStore|iPhoneSimulator.Deploy.0 = Release|Any CPU
		{37EBA7C2-0F3C-44D4-8FE3-20D652B6CC41}.AppStore|x64.ActiveCfg = Release|Any CPU
		{37EBA7C2-0F3C-44D4-8FE3-20D652B6CC41}.AppStore|x64.Build.0 = Release|Any CPU
		{37EBA7C2-0F3C-44D4-8FE3-20D652B6CC41}.AppStore|x64.Deploy.0 = Release|Any CPU
		{37EBA7C2-0F3C-44D4-8FE3-20D652B6CC41}.AppStore|x86.ActiveCfg = Release|Any CPU
		{37EBA7C2-0F3C-44D4-8FE3-20D652B6CC41}.AppStore|x86.Build.0 = Release|Any CPU
		{37EBA7C2-0F3C-44D4-8FE3-20D652B6CC41}.AppStore|x86.Deploy.0 = Release|Any CPU
		{37EBA7C2-0F3C-44D4-8FE3-20D652B6CC41}.Debug|Any CPU.ActiveCfg = Debug|Any CPU
		{37EBA7C2-0F3C-44D4-8FE3-20D652B6CC41}.Debug|Any CPU.Build.0 = Debug|Any CPU
		{37EBA7C2-0F3C-44D4-8FE3-20D652B6CC41}.Debug|Any CPU.Deploy.0 = Debug|Any CPU
		{37EBA7C2-0F3C-44D4-8FE3-20D652B6CC41}.Debug|ARM.ActiveCfg = Debug|Any CPU
		{37EBA7C2-0F3C-44D4-8FE3-20D652B6CC41}.Debug|ARM.Build.0 = Debug|Any CPU
		{37EBA7C2-0F3C-44D4-8FE3-20D652B6CC41}.Debug|ARM.Deploy.0 = Debug|Any CPU
		{37EBA7C2-0F3C-44D4-8FE3-20D652B6CC41}.Debug|iPhone.ActiveCfg = Debug|Any CPU
		{37EBA7C2-0F3C-44D4-8FE3-20D652B6CC41}.Debug|iPhone.Build.0 = Debug|Any CPU
		{37EBA7C2-0F3C-44D4-8FE3-20D652B6CC41}.Debug|iPhone.Deploy.0 = Debug|Any CPU
		{37EBA7C2-0F3C-44D4-8FE3-20D652B6CC41}.Debug|iPhoneSimulator.ActiveCfg = Debug|Any CPU
		{37EBA7C2-0F3C-44D4-8FE3-20D652B6CC41}.Debug|iPhoneSimulator.Build.0 = Debug|Any CPU
		{37EBA7C2-0F3C-44D4-8FE3-20D652B6CC41}.Debug|iPhoneSimulator.Deploy.0 = Debug|Any CPU
		{37EBA7C2-0F3C-44D4-8FE3-20D652B6CC41}.Debug|x64.ActiveCfg = Debug|Any CPU
		{37EBA7C2-0F3C-44D4-8FE3-20D652B6CC41}.Debug|x64.Build.0 = Debug|Any CPU
		{37EBA7C2-0F3C-44D4-8FE3-20D652B6CC41}.Debug|x64.Deploy.0 = Debug|Any CPU
		{37EBA7C2-0F3C-44D4-8FE3-20D652B6CC41}.Debug|x86.ActiveCfg = Debug|Any CPU
		{37EBA7C2-0F3C-44D4-8FE3-20D652B6CC41}.Debug|x86.Build.0 = Debug|Any CPU
		{37EBA7C2-0F3C-44D4-8FE3-20D652B6CC41}.Debug|x86.Deploy.0 = Debug|Any CPU
		{37EBA7C2-0F3C-44D4-8FE3-20D652B6CC41}.Release|Any CPU.ActiveCfg = Release|Any CPU
		{37EBA7C2-0F3C-44D4-8FE3-20D652B6CC41}.Release|Any CPU.Build.0 = Release|Any CPU
		{37EBA7C2-0F3C-44D4-8FE3-20D652B6CC41}.Release|Any CPU.Deploy.0 = Release|Any CPU
		{37EBA7C2-0F3C-44D4-8FE3-20D652B6CC41}.Release|ARM.ActiveCfg = Release|Any CPU
		{37EBA7C2-0F3C-44D4-8FE3-20D652B6CC41}.Release|ARM.Build.0 = Release|Any CPU
		{37EBA7C2-0F3C-44D4-8FE3-20D652B6CC41}.Release|ARM.Deploy.0 = Release|Any CPU
		{37EBA7C2-0F3C-44D4-8FE3-20D652B6CC41}.Release|iPhone.ActiveCfg = Release|Any CPU
		{37EBA7C2-0F3C-44D4-8FE3-20D652B6CC41}.Release|iPhone.Build.0 = Release|Any CPU
		{37EBA7C2-0F3C-44D4-8FE3-20D652B6CC41}.Release|iPhone.Deploy.0 = Release|Any CPU
		{37EBA7C2-0F3C-44D4-8FE3-20D652B6CC41}.Release|iPhoneSimulator.ActiveCfg = Release|Any CPU
		{37EBA7C2-0F3C-44D4-8FE3-20D652B6CC41}.Release|iPhoneSimulator.Build.0 = Release|Any CPU
		{37EBA7C2-0F3C-44D4-8FE3-20D652B6CC41}.Release|iPhoneSimulator.Deploy.0 = Release|Any CPU
		{37EBA7C2-0F3C-44D4-8FE3-20D652B6CC41}.Release|x64.ActiveCfg = Release|Any CPU
		{37EBA7C2-0F3C-44D4-8FE3-20D652B6CC41}.Release|x64.Build.0 = Release|Any CPU
		{37EBA7C2-0F3C-44D4-8FE3-20D652B6CC41}.Release|x64.Deploy.0 = Release|Any CPU
		{37EBA7C2-0F3C-44D4-8FE3-20D652B6CC41}.Release|x86.ActiveCfg = Release|Any CPU
		{37EBA7C2-0F3C-44D4-8FE3-20D652B6CC41}.Release|x86.Build.0 = Release|Any CPU
		{37EBA7C2-0F3C-44D4-8FE3-20D652B6CC41}.Release|x86.Deploy.0 = Release|Any CPU
		{C7707C51-2682-4485-A7EB-F8EEE2783C6C}.Ad-Hoc|Any CPU.ActiveCfg = Release|Any CPU
		{C7707C51-2682-4485-A7EB-F8EEE2783C6C}.Ad-Hoc|Any CPU.Build.0 = Release|Any CPU
		{C7707C51-2682-4485-A7EB-F8EEE2783C6C}.Ad-Hoc|ARM.ActiveCfg = Release|Any CPU
		{C7707C51-2682-4485-A7EB-F8EEE2783C6C}.Ad-Hoc|ARM.Build.0 = Release|Any CPU
		{C7707C51-2682-4485-A7EB-F8EEE2783C6C}.Ad-Hoc|iPhone.ActiveCfg = Release|Any CPU
		{C7707C51-2682-4485-A7EB-F8EEE2783C6C}.Ad-Hoc|iPhone.Build.0 = Release|Any CPU
		{C7707C51-2682-4485-A7EB-F8EEE2783C6C}.Ad-Hoc|iPhoneSimulator.ActiveCfg = Release|Any CPU
		{C7707C51-2682-4485-A7EB-F8EEE2783C6C}.Ad-Hoc|iPhoneSimulator.Build.0 = Release|Any CPU
		{C7707C51-2682-4485-A7EB-F8EEE2783C6C}.Ad-Hoc|x64.ActiveCfg = Release|Any CPU
		{C7707C51-2682-4485-A7EB-F8EEE2783C6C}.Ad-Hoc|x64.Build.0 = Release|Any CPU
		{C7707C51-2682-4485-A7EB-F8EEE2783C6C}.Ad-Hoc|x86.ActiveCfg = Release|Any CPU
		{C7707C51-2682-4485-A7EB-F8EEE2783C6C}.Ad-Hoc|x86.Build.0 = Release|Any CPU
		{C7707C51-2682-4485-A7EB-F8EEE2783C6C}.AppStore|Any CPU.ActiveCfg = Release|Any CPU
		{C7707C51-2682-4485-A7EB-F8EEE2783C6C}.AppStore|Any CPU.Build.0 = Release|Any CPU
		{C7707C51-2682-4485-A7EB-F8EEE2783C6C}.AppStore|ARM.ActiveCfg = Release|Any CPU
		{C7707C51-2682-4485-A7EB-F8EEE2783C6C}.AppStore|ARM.Build.0 = Release|Any CPU
		{C7707C51-2682-4485-A7EB-F8EEE2783C6C}.AppStore|iPhone.ActiveCfg = Release|Any CPU
		{C7707C51-2682-4485-A7EB-F8EEE2783C6C}.AppStore|iPhone.Build.0 = Release|Any CPU
		{C7707C51-2682-4485-A7EB-F8EEE2783C6C}.AppStore|iPhoneSimulator.ActiveCfg = Release|Any CPU
		{C7707C51-2682-4485-A7EB-F8EEE2783C6C}.AppStore|iPhoneSimulator.Build.0 = Release|Any CPU
		{C7707C51-2682-4485-A7EB-F8EEE2783C6C}.AppStore|x64.ActiveCfg = Release|Any CPU
		{C7707C51-2682-4485-A7EB-F8EEE2783C6C}.AppStore|x64.Build.0 = Release|Any CPU
		{C7707C51-2682-4485-A7EB-F8EEE2783C6C}.AppStore|x86.ActiveCfg = Release|Any CPU
		{C7707C51-2682-4485-A7EB-F8EEE2783C6C}.AppStore|x86.Build.0 = Release|Any CPU
		{C7707C51-2682-4485-A7EB-F8EEE2783C6C}.Debug|Any CPU.ActiveCfg = Debug|Any CPU
		{C7707C51-2682-4485-A7EB-F8EEE2783C6C}.Debug|Any CPU.Build.0 = Debug|Any CPU
		{C7707C51-2682-4485-A7EB-F8EEE2783C6C}.Debug|ARM.ActiveCfg = Debug|Any CPU
		{C7707C51-2682-4485-A7EB-F8EEE2783C6C}.Debug|ARM.Build.0 = Debug|Any CPU
		{C7707C51-2682-4485-A7EB-F8EEE2783C6C}.Debug|iPhone.ActiveCfg = Debug|Any CPU
		{C7707C51-2682-4485-A7EB-F8EEE2783C6C}.Debug|iPhone.Build.0 = Debug|Any CPU
		{C7707C51-2682-4485-A7EB-F8EEE2783C6C}.Debug|iPhoneSimulator.ActiveCfg = Debug|Any CPU
		{C7707C51-2682-4485-A7EB-F8EEE2783C6C}.Debug|iPhoneSimulator.Build.0 = Debug|Any CPU
		{C7707C51-2682-4485-A7EB-F8EEE2783C6C}.Debug|x64.ActiveCfg = Debug|Any CPU
		{C7707C51-2682-4485-A7EB-F8EEE2783C6C}.Debug|x64.Build.0 = Debug|Any CPU
		{C7707C51-2682-4485-A7EB-F8EEE2783C6C}.Debug|x86.ActiveCfg = Debug|Any CPU
		{C7707C51-2682-4485-A7EB-F8EEE2783C6C}.Debug|x86.Build.0 = Debug|Any CPU
		{C7707C51-2682-4485-A7EB-F8EEE2783C6C}.Release|Any CPU.ActiveCfg = Release|Any CPU
		{C7707C51-2682-4485-A7EB-F8EEE2783C6C}.Release|Any CPU.Build.0 = Release|Any CPU
		{C7707C51-2682-4485-A7EB-F8EEE2783C6C}.Release|ARM.ActiveCfg = Release|Any CPU
		{C7707C51-2682-4485-A7EB-F8EEE2783C6C}.Release|ARM.Build.0 = Release|Any CPU
		{C7707C51-2682-4485-A7EB-F8EEE2783C6C}.Release|iPhone.ActiveCfg = Release|Any CPU
		{C7707C51-2682-4485-A7EB-F8EEE2783C6C}.Release|iPhone.Build.0 = Release|Any CPU
		{C7707C51-2682-4485-A7EB-F8EEE2783C6C}.Release|iPhoneSimulator.ActiveCfg = Release|Any CPU
		{C7707C51-2682-4485-A7EB-F8EEE2783C6C}.Release|iPhoneSimulator.Build.0 = Release|Any CPU
		{C7707C51-2682-4485-A7EB-F8EEE2783C6C}.Release|x64.ActiveCfg = Release|Any CPU
		{C7707C51-2682-4485-A7EB-F8EEE2783C6C}.Release|x64.Build.0 = Release|Any CPU
		{C7707C51-2682-4485-A7EB-F8EEE2783C6C}.Release|x86.ActiveCfg = Release|Any CPU
		{C7707C51-2682-4485-A7EB-F8EEE2783C6C}.Release|x86.Build.0 = Release|Any CPU
		{25C4A24C-F4A7-46AD-950E-F14E41EBEBAE}.Ad-Hoc|Any CPU.ActiveCfg = Release|x86
		{25C4A24C-F4A7-46AD-950E-F14E41EBEBAE}.Ad-Hoc|Any CPU.Build.0 = Release|x86
		{25C4A24C-F4A7-46AD-950E-F14E41EBEBAE}.Ad-Hoc|Any CPU.Deploy.0 = Release|x86
		{25C4A24C-F4A7-46AD-950E-F14E41EBEBAE}.Ad-Hoc|ARM.ActiveCfg = Release|ARM
		{25C4A24C-F4A7-46AD-950E-F14E41EBEBAE}.Ad-Hoc|ARM.Build.0 = Release|ARM
		{25C4A24C-F4A7-46AD-950E-F14E41EBEBAE}.Ad-Hoc|ARM.Deploy.0 = Release|ARM
		{25C4A24C-F4A7-46AD-950E-F14E41EBEBAE}.Ad-Hoc|iPhone.ActiveCfg = Release|x86
		{25C4A24C-F4A7-46AD-950E-F14E41EBEBAE}.Ad-Hoc|iPhone.Build.0 = Release|x86
		{25C4A24C-F4A7-46AD-950E-F14E41EBEBAE}.Ad-Hoc|iPhone.Deploy.0 = Release|x86
		{25C4A24C-F4A7-46AD-950E-F14E41EBEBAE}.Ad-Hoc|iPhoneSimulator.ActiveCfg = Release|x86
		{25C4A24C-F4A7-46AD-950E-F14E41EBEBAE}.Ad-Hoc|iPhoneSimulator.Build.0 = Release|x86
		{25C4A24C-F4A7-46AD-950E-F14E41EBEBAE}.Ad-Hoc|iPhoneSimulator.Deploy.0 = Release|x86
		{25C4A24C-F4A7-46AD-950E-F14E41EBEBAE}.Ad-Hoc|x64.ActiveCfg = Release|x64
		{25C4A24C-F4A7-46AD-950E-F14E41EBEBAE}.Ad-Hoc|x64.Build.0 = Release|x64
		{25C4A24C-F4A7-46AD-950E-F14E41EBEBAE}.Ad-Hoc|x64.Deploy.0 = Release|x64
		{25C4A24C-F4A7-46AD-950E-F14E41EBEBAE}.Ad-Hoc|x86.ActiveCfg = Release|x86
		{25C4A24C-F4A7-46AD-950E-F14E41EBEBAE}.Ad-Hoc|x86.Build.0 = Release|x86
		{25C4A24C-F4A7-46AD-950E-F14E41EBEBAE}.Ad-Hoc|x86.Deploy.0 = Release|x86
		{25C4A24C-F4A7-46AD-950E-F14E41EBEBAE}.AppStore|Any CPU.ActiveCfg = Release|x86
		{25C4A24C-F4A7-46AD-950E-F14E41EBEBAE}.AppStore|Any CPU.Build.0 = Release|x86
		{25C4A24C-F4A7-46AD-950E-F14E41EBEBAE}.AppStore|Any CPU.Deploy.0 = Release|x86
		{25C4A24C-F4A7-46AD-950E-F14E41EBEBAE}.AppStore|ARM.ActiveCfg = Release|ARM
		{25C4A24C-F4A7-46AD-950E-F14E41EBEBAE}.AppStore|ARM.Build.0 = Release|ARM
		{25C4A24C-F4A7-46AD-950E-F14E41EBEBAE}.AppStore|ARM.Deploy.0 = Release|ARM
		{25C4A24C-F4A7-46AD-950E-F14E41EBEBAE}.AppStore|iPhone.ActiveCfg = Release|x86
		{25C4A24C-F4A7-46AD-950E-F14E41EBEBAE}.AppStore|iPhone.Build.0 = Release|x86
		{25C4A24C-F4A7-46AD-950E-F14E41EBEBAE}.AppStore|iPhone.Deploy.0 = Release|x86
		{25C4A24C-F4A7-46AD-950E-F14E41EBEBAE}.AppStore|iPhoneSimulator.ActiveCfg = Release|x86
		{25C4A24C-F4A7-46AD-950E-F14E41EBEBAE}.AppStore|iPhoneSimulator.Build.0 = Release|x86
		{25C4A24C-F4A7-46AD-950E-F14E41EBEBAE}.AppStore|iPhoneSimulator.Deploy.0 = Release|x86
		{25C4A24C-F4A7-46AD-950E-F14E41EBEBAE}.AppStore|x64.ActiveCfg = Release|x64
		{25C4A24C-F4A7-46AD-950E-F14E41EBEBAE}.AppStore|x64.Build.0 = Release|x64
		{25C4A24C-F4A7-46AD-950E-F14E41EBEBAE}.AppStore|x64.Deploy.0 = Release|x64
		{25C4A24C-F4A7-46AD-950E-F14E41EBEBAE}.AppStore|x86.ActiveCfg = Release|x86
		{25C4A24C-F4A7-46AD-950E-F14E41EBEBAE}.AppStore|x86.Build.0 = Release|x86
		{25C4A24C-F4A7-46AD-950E-F14E41EBEBAE}.AppStore|x86.Deploy.0 = Release|x86
		{25C4A24C-F4A7-46AD-950E-F14E41EBEBAE}.Debug|Any CPU.ActiveCfg = Debug|x86
		{25C4A24C-F4A7-46AD-950E-F14E41EBEBAE}.Debug|Any CPU.Build.0 = Debug|x86
		{25C4A24C-F4A7-46AD-950E-F14E41EBEBAE}.Debug|Any CPU.Deploy.0 = Debug|x86
		{25C4A24C-F4A7-46AD-950E-F14E41EBEBAE}.Debug|ARM.ActiveCfg = Debug|ARM
		{25C4A24C-F4A7-46AD-950E-F14E41EBEBAE}.Debug|ARM.Build.0 = Debug|ARM
		{25C4A24C-F4A7-46AD-950E-F14E41EBEBAE}.Debug|ARM.Deploy.0 = Debug|ARM
		{25C4A24C-F4A7-46AD-950E-F14E41EBEBAE}.Debug|iPhone.ActiveCfg = Debug|x86
		{25C4A24C-F4A7-46AD-950E-F14E41EBEBAE}.Debug|iPhoneSimulator.ActiveCfg = Debug|x86
		{25C4A24C-F4A7-46AD-950E-F14E41EBEBAE}.Debug|x64.ActiveCfg = Debug|x64
		{25C4A24C-F4A7-46AD-950E-F14E41EBEBAE}.Debug|x64.Build.0 = Debug|x64
		{25C4A24C-F4A7-46AD-950E-F14E41EBEBAE}.Debug|x64.Deploy.0 = Debug|x64
		{25C4A24C-F4A7-46AD-950E-F14E41EBEBAE}.Debug|x86.ActiveCfg = Debug|x86
		{25C4A24C-F4A7-46AD-950E-F14E41EBEBAE}.Debug|x86.Build.0 = Debug|x86
		{25C4A24C-F4A7-46AD-950E-F14E41EBEBAE}.Debug|x86.Deploy.0 = Debug|x86
		{25C4A24C-F4A7-46AD-950E-F14E41EBEBAE}.Release|Any CPU.ActiveCfg = Release|x86
		{25C4A24C-F4A7-46AD-950E-F14E41EBEBAE}.Release|ARM.ActiveCfg = Release|ARM
		{25C4A24C-F4A7-46AD-950E-F14E41EBEBAE}.Release|ARM.Build.0 = Release|ARM
		{25C4A24C-F4A7-46AD-950E-F14E41EBEBAE}.Release|ARM.Deploy.0 = Release|ARM
		{25C4A24C-F4A7-46AD-950E-F14E41EBEBAE}.Release|iPhone.ActiveCfg = Release|x86
		{25C4A24C-F4A7-46AD-950E-F14E41EBEBAE}.Release|iPhoneSimulator.ActiveCfg = Release|x86
		{25C4A24C-F4A7-46AD-950E-F14E41EBEBAE}.Release|x64.ActiveCfg = Release|x64
		{25C4A24C-F4A7-46AD-950E-F14E41EBEBAE}.Release|x64.Build.0 = Release|x64
		{25C4A24C-F4A7-46AD-950E-F14E41EBEBAE}.Release|x64.Deploy.0 = Release|x64
		{25C4A24C-F4A7-46AD-950E-F14E41EBEBAE}.Release|x86.ActiveCfg = Release|x86
		{25C4A24C-F4A7-46AD-950E-F14E41EBEBAE}.Release|x86.Build.0 = Release|x86
		{25C4A24C-F4A7-46AD-950E-F14E41EBEBAE}.Release|x86.Deploy.0 = Release|x86
		{00C47A0A-BCC0-477E-8243-763EAA12869D}.Ad-Hoc|Any CPU.ActiveCfg = Ad-Hoc|iPhone
		{00C47A0A-BCC0-477E-8243-763EAA12869D}.Ad-Hoc|ARM.ActiveCfg = Ad-Hoc|iPhone
		{00C47A0A-BCC0-477E-8243-763EAA12869D}.Ad-Hoc|iPhone.ActiveCfg = Ad-Hoc|iPhone
		{00C47A0A-BCC0-477E-8243-763EAA12869D}.Ad-Hoc|iPhone.Build.0 = Ad-Hoc|iPhone
		{00C47A0A-BCC0-477E-8243-763EAA12869D}.Ad-Hoc|iPhoneSimulator.ActiveCfg = Ad-Hoc|iPhoneSimulator
		{00C47A0A-BCC0-477E-8243-763EAA12869D}.Ad-Hoc|iPhoneSimulator.Build.0 = Ad-Hoc|iPhoneSimulator
		{00C47A0A-BCC0-477E-8243-763EAA12869D}.Ad-Hoc|x64.ActiveCfg = Ad-Hoc|iPhone
		{00C47A0A-BCC0-477E-8243-763EAA12869D}.Ad-Hoc|x86.ActiveCfg = Ad-Hoc|iPhone
		{00C47A0A-BCC0-477E-8243-763EAA12869D}.AppStore|Any CPU.ActiveCfg = AppStore|iPhone
		{00C47A0A-BCC0-477E-8243-763EAA12869D}.AppStore|ARM.ActiveCfg = AppStore|iPhone
		{00C47A0A-BCC0-477E-8243-763EAA12869D}.AppStore|iPhone.ActiveCfg = AppStore|iPhone
		{00C47A0A-BCC0-477E-8243-763EAA12869D}.AppStore|iPhone.Build.0 = AppStore|iPhone
		{00C47A0A-BCC0-477E-8243-763EAA12869D}.AppStore|iPhoneSimulator.ActiveCfg = AppStore|iPhoneSimulator
		{00C47A0A-BCC0-477E-8243-763EAA12869D}.AppStore|iPhoneSimulator.Build.0 = AppStore|iPhoneSimulator
		{00C47A0A-BCC0-477E-8243-763EAA12869D}.AppStore|x64.ActiveCfg = AppStore|iPhone
		{00C47A0A-BCC0-477E-8243-763EAA12869D}.AppStore|x86.ActiveCfg = AppStore|iPhone
		{00C47A0A-BCC0-477E-8243-763EAA12869D}.Debug|Any CPU.ActiveCfg = Debug|iPhone
		{00C47A0A-BCC0-477E-8243-763EAA12869D}.Debug|Any CPU.Build.0 = Debug|iPhone
		{00C47A0A-BCC0-477E-8243-763EAA12869D}.Debug|ARM.ActiveCfg = Debug|iPhone
		{00C47A0A-BCC0-477E-8243-763EAA12869D}.Debug|ARM.Build.0 = Debug|iPhone
		{00C47A0A-BCC0-477E-8243-763EAA12869D}.Debug|iPhone.ActiveCfg = Debug|iPhone
		{00C47A0A-BCC0-477E-8243-763EAA12869D}.Debug|iPhone.Build.0 = Debug|iPhone
		{00C47A0A-BCC0-477E-8243-763EAA12869D}.Debug|iPhoneSimulator.ActiveCfg = Debug|iPhoneSimulator
		{00C47A0A-BCC0-477E-8243-763EAA12869D}.Debug|iPhoneSimulator.Build.0 = Debug|iPhoneSimulator
		{00C47A0A-BCC0-477E-8243-763EAA12869D}.Debug|x64.ActiveCfg = Debug|iPhone
		{00C47A0A-BCC0-477E-8243-763EAA12869D}.Debug|x86.ActiveCfg = Debug|iPhone
		{00C47A0A-BCC0-477E-8243-763EAA12869D}.Release|Any CPU.ActiveCfg = Release|iPhone
		{00C47A0A-BCC0-477E-8243-763EAA12869D}.Release|ARM.ActiveCfg = Release|iPhone
		{00C47A0A-BCC0-477E-8243-763EAA12869D}.Release|iPhone.ActiveCfg = Release|iPhone
		{00C47A0A-BCC0-477E-8243-763EAA12869D}.Release|iPhone.Build.0 = Release|iPhone
		{00C47A0A-BCC0-477E-8243-763EAA12869D}.Release|iPhoneSimulator.ActiveCfg = Release|iPhoneSimulator
		{00C47A0A-BCC0-477E-8243-763EAA12869D}.Release|iPhoneSimulator.Build.0 = Release|iPhoneSimulator
		{00C47A0A-BCC0-477E-8243-763EAA12869D}.Release|x64.ActiveCfg = Release|iPhone
		{00C47A0A-BCC0-477E-8243-763EAA12869D}.Release|x86.ActiveCfg = Release|iPhone
	EndGlobalSection
	GlobalSection(SolutionProperties) = preSolution
		HideSolutionNode = FALSE
	EndGlobalSection
EndGlobal
